{
  "__metadata": {
    "version": 9
  },
  "entries": {
    "@isaacs/balanced-match@npm:^4.0.1": {
      "checksum": "8b1c5cd4292fac23e19416c01ae46c69479a4f4d340cea08541c776c1ab793a62f6259e508475b66f236758c497c053feaa8e04b33e24a194d56d92e16cb3cf4",
      "resolution": {
        "resolution": "@isaacs/balanced-match@npm:4.0.1",
        "version": "4.0.1"
      }
    },
    "@isaacs/brace-expansion@npm:^5.0.0": {
      "checksum": "a8f9cefdd315b5716991afb50fcb4470e010f82b1b6ac1ff8c013cdba180e0a023e9095b49efc7bde1a5964d9b55b2c26294adb1da9232c36fa1971778f7bd62",
      "resolution": {
        "resolution": "@isaacs/brace-expansion@npm:5.0.0",
        "version": "5.0.0",
        "dependencies": {
          "@isaacs/balanced-match": "^4.0.1"
        }
      }
    },
    "@isaacs/fs-minipass@npm:^4.0.0": {
      "checksum": "cf2f94cb915c2d0adb74ddfae869c9872304178b52d4426c34c268676a9f84d138a5cbdc5d5a75ea5148e53c9ded1c649b5d006faef20397aa2f6e86e215037c",
      "resolution": {
        "resolution": "@isaacs/fs-minipass@npm:4.0.1",
        "version": "4.0.1",
        "dependencies": {
          "minipass": "^7.0.4"
        }
      }
    },
    "@npmcli/agent@npm:^4.0.0": {
      "checksum": "d7390134bceeaf7d012485c0240c374b1f7b7f285edb9c07bbcc7867e3b2042682accc5d0aaaacf208ef06e246ac868172d44a197488ab944da7b213e716f32d",
      "resolution": {
        "resolution": "@npmcli/agent@npm:4.0.0",
        "version": "4.0.0",
        "dependencies": {
          "agent-base": "^7.1.0",
          "http-proxy-agent": "^7.0.0",
          "https-proxy-agent": "^7.0.1",
          "lru-cache": "^11.2.1",
          "socks-proxy-agent": "^8.0.3"
        }
      }
    },
    "@npmcli/fs@npm:^5.0.0": {
      "checksum": "eb8d930b0e277fefc4f539bfc41ee60577c2b45e625a7957d9b742400345bdd6785b6576f8679acd958132d790d350a739bf6f6bfdb34c186b48f0628354e538",
      "resolution": {
        "resolution": "@npmcli/fs@npm:5.0.0",
        "version": "5.0.0",
        "dependencies": {
          "semver": "^7.3.5"
        }
      }
    },
    "@types/node@npm:^25.0.3": {
      "checksum": "00b70ce1730afdda818d989ac79a37a448c5564a4325a01b36b8b95ff1e01cf7329932486328da48e9e044e4975134705745d0d17710499ea69ea9a90d97831f",
      "resolution": {
        "resolution": "@types/node@npm:25.0.3",
        "version": "25.0.3",
        "dependencies": {
          "undici-types": "~7.16.0"
        }
      }
    },
    "abbrev@npm:^4.0.0": {
      "checksum": "0ad02eb101301762d144fde084e3e9d6426ee0297be95d00745ee9d7ad1697eb512bc0b5969e9334560b77f855574360823dec11d006d9ce65e9a85165aef85a",
      "resolution": {
        "resolution": "abbrev@npm:4.0.0",
        "version": "4.0.0"
      }
    },
    "agent-base@npm:^7.1.0, agent-base@npm:^7.1.2": {
      "checksum": "f8bcc6bc6b10008114ce294eaf55f13c9fe7d5bcb699f2a0aafedbe6f8ff52b83ef46cb027289b3e226e63185520d14a64279d26b8e9864e1547c90b10111121",
      "resolution": {
        "resolution": "agent-base@npm:7.1.4",
        "version": "7.1.4"
      }
    },
    "ansi-regex@npm:^5.0.1": {
      "checksum": "4f7a4b8540759c4b9b6fc51285a7ecbeddbe06679ab31bc060e474aaf9e9e353848f0599bfa530f39eb769fb339e286aa56466aafeb744ca62a03fbbe13672a4",
      "resolution": {
        "resolution": "ansi-regex@npm:5.0.1",
        "version": "5.0.1"
      }
    },
    "ansi-styles@npm:^4.0.0": {
      "checksum": "9f3e0a0209e1a56154b5a2e24dc106af31a60a59f72e6cb379ef320489568ca12e42a18d3718920057e33723167b705327947355ad7f153301835783cccb6a9b",
      "resolution": {
        "resolution": "ansi-styles@npm:4.3.0",
        "version": "4.3.0",
        "dependencies": {
          "color-convert": "^2.0.1"
        }
      }
    },
    "cacache@npm:^20.0.1": {
      "checksum": "33e8a9f131c814721514e7560b125bac24cb95b25b1f3473b4a30bca58e2a6dfe814732c57c15cf588846f2dafea907e17ca600c912564fdaf7b1588e2593f9d",
      "resolution": {
        "resolution": "cacache@npm:20.0.3",
        "version": "20.0.3",
        "dependencies": {
          "@npmcli/fs": "^5.0.0",
          "fs-minipass": "^3.0.0",
          "glob": "^13.0.0",
          "lru-cache": "^11.1.0",
          "minipass": "^7.0.3",
          "minipass-collect": "^2.0.1",
          "minipass-flush": "^1.0.5",
          "minipass-pipeline": "^1.2.4",
          "p-map": "^7.0.2",
          "ssri": "^13.0.0",
          "unique-filename": "^5.0.0"
        }
      }
    },
    "chownr@npm:^3.0.0": {
      "checksum": "dc3e775a29261ccd3c18b9a17e9d4810cb940abda2b37f093ca882407b3c0598abd0015357d9a0ef23b2fecafe91dec96269de12083d4d6763e30d6321541eeb",
      "resolution": {
        "resolution": "chownr@npm:3.0.0",
        "version": "3.0.0"
      }
    },
    "cliui@npm:^8.0.1": {
      "checksum": "17e0af0141fbb0ef965db57d3b4da3e85e13f35254fd1a381aa94f6dfb8205c6c2ea29f719b2f7b7f9a35ad8dc6f9a84e7db758bd4a21494c7d465e1bdc1b652",
      "resolution": {
        "resolution": "cliui@npm:8.0.1",
        "version": "8.0.1",
        "dependencies": {
          "string-width": "^4.2.0",
          "strip-ansi": "^6.0.1",
          "wrap-ansi": "^7.0.0"
        }
      }
    },
    "color-convert@npm:^2.0.1": {
      "checksum": "ac7ed8228965dfb2339dc59cd47fe39c4c2431280eb9fdeb42cd3b328193ba2810e579620bf1d89803b6036b6262cef6a1b3c139fa6c4f9be5fd7c3e5654cbf2",
      "resolution": {
        "resolution": "color-convert@npm:2.0.1",
        "version": "2.0.1",
        "dependencies": {
          "color-name": "~1.1.4"
        }
      }
    },
    "color-name@npm:~1.1.4": {
      "checksum": "f5600c65df3ab0e9f087134d7f1e6424b73ac8428a2cad2f5d6c4e7c29fe90c6d83a4bcbddf35bcd217c8d9f02388d891e52c83be8a871133a8177c32fe8cd4e",
      "resolution": {
        "resolution": "color-name@npm:1.1.4",
        "version": "1.1.4"
      }
    },
    "debug@npm:4, debug@npm:^4.3.4": {
      "checksum": "5da59829518832edd347b254e38617412a8ee2d687a9d58e4fb4f6daa21a088e9a0ee4c5c51a32f9c1e8b7189611226178aede8aecac5c38ca289661667452b5",
      "resolution": {
        "resolution": "debug@npm:4.4.3",
        "version": "4.4.3",
        "dependencies": {
          "ms": "^2.1.3"
        },
        "peerDependencies": {
          "supports-color": ">=0.0.0-0"
        },
        "optionalPeerDependencies": [
          "supports-color"
        ]
      }
    },
    "dotenv@npm:^17.2.3": {
      "checksum": "f950d35b69b4498914f981ae57ea18974cb0aa23a39bf3a4e4ecf3c813c648df37ad2219a3e3934d2479291721e1917d29d9dd6a0cb53139c367e20b9601e879",
      "resolution": {
        "resolution": "dotenv@npm:17.2.3",
        "version": "17.2.3"
      }
    },
    "emoji-regex@npm:^8.0.0": {
      "checksum": "c279219b867ccc4e405539693b120d99633a2d6a4ef3024b6b1648c9d00b59950361c672e8011b5a3df86f0dfcc8b964b163d9557f70fd70d206a0fd29557c7d",
      "resolution": {
        "resolution": "emoji-regex@npm:8.0.0",
        "version": "8.0.0"
      }
    },
    "encoding@npm:^0.1.13": {
      "checksum": "13093969e6cc635593659ff1e91b24b2a26660068b825de11fed24b925281e1615ac0e3a3cbeccc1a2082019853bbdaf83dfefab057f242360a7827e5d66883e",
      "resolution": {
        "resolution": "encoding@npm:0.1.13",
        "version": "0.1.13",
        "dependencies": {
          "iconv-lite": "^0.6.2"
        }
      }
    },
    "env-paths@npm:^2.2.0": {
      "checksum": "ef9d5d8c551e5d778a36055b8196e85baccb8345ea8234b4baba250a9bbf9b841f130df56185e3e3ce6a3dc2a7d98e4827206cc1607e86a2f5f335b29beefac9",
      "resolution": {
        "resolution": "env-paths@npm:2.2.1",
        "version": "2.2.1"
      }
    },
    "err-code@npm:^2.0.2": {
      "checksum": "fd7d71f9b1a266773732d72a08ebc2c04ef28a1b7b214c0ebabb9966f59585ff97ef3a217aacf4576680992cb6a2edc09587f540cfd653c7c26f6ae99bcb7d2a",
      "resolution": {
        "resolution": "err-code@npm:2.0.3",
        "version": "2.0.3"
      }
    },
    "escalade@npm:^3.1.1": {
      "checksum": "f4f2aac845ea084352d0f5c3d0f2d992aaca4855c51dc5404773fd6fed9f38bae48fa24d1752ada2204fcd843acc52507e901dac310e807581fc6311c99a548c",
      "resolution": {
        "resolution": "escalade@npm:3.2.0",
        "version": "3.2.0"
      }
    },
    "exponential-backoff@npm:^3.1.1": {
      "checksum": "74d4db3572ce4af46e038920afe07617eb3d0fbb0ef0388d5be3b2c6068a6cac12d68565d8b8f46edb5f5b83c93b269244962165e9cc70f12d9d4dceee0b62d3",
      "resolution": {
        "resolution": "exponential-backoff@npm:3.1.3",
        "version": "3.1.3"
      }
    },
    "fdir@npm:^6.5.0": {
      "checksum": "0c41530155b676b82f3606958fd1248717aef9a7ba046707a3d12862f5293c2f4c3ea255a3124948084cc32c1a939b1d172b1f2265ebfa68ebc66e97483bc598",
      "resolution": {
        "resolution": "fdir@npm:6.5.0",
        "version": "6.5.0",
        "peerDependencies": {
          "picomatch": "^3 || ^4"
        },
        "optionalPeerDependencies": [
          "picomatch"
        ]
      }
    },
    "fs-minipass@npm:^3.0.0": {
      "checksum": "c98cecc4685a9c33cb1898ac0657ccb1c1e5c1db03924e3aa1bea6d94455304f5e7a56b64c7c12c978ea3f08b8be5b424342bb9bf9c31e8a71c2ad0bdde99764",
      "resolution": {
        "resolution": "fs-minipass@npm:3.0.3",
        "version": "3.0.3",
        "dependencies": {
          "minipass": "^7.0.3"
        }
      }
    },
    "get-caller-file@npm:^2.0.5": {
      "checksum": "35293bb0f07be3b71873aa7c5e3ba8045e0f1a6920342845b45f9397a0b5b894ac500de3204ccca885453b224b06a4598e113e02c48d29be1287830f326b8c0d",
      "resolution": {
        "resolution": "get-caller-file@npm:2.0.5",
        "version": "2.0.5"
      }
    },
    "glob@npm:^13.0.0": {
      "checksum": "764f2b1ad0b840dc93186af8ef4c4dabcbf05700ef540d2b7981c438b38821b79d5d32ec7e7e2cf31487d0ee177f2d1d9c721a4f118fd5ee7cbcdff42d9cac49",
      "resolution": {
        "resolution": "glob@npm:13.0.0",
        "version": "13.0.0",
        "dependencies": {
          "minimatch": "^10.1.1",
          "minipass": "^7.1.2",
          "path-scurry": "^2.0.0"
        }
      }
    },
    "graceful-fs@npm:^4.2.6": {
      "checksum": "6ceec34498986a588226b4358cc8fa3d0132f391cd2fce25c4984059b6e2c80b651f0e7ec9c150197047f55f296209895393e2912667ef27c61c3fdcad81fc37",
      "resolution": {
        "resolution": "graceful-fs@npm:4.2.11",
        "version": "4.2.11"
      }
    },
    "http-cache-semantics@npm:^4.1.1": {
      "checksum": "3da5ced559e304b1f85668d17a4e9e76b233f4667ad3c03af319ceb8f6b063e45f219a24cf8ed56ecca4a31609c4b1a11c6048ce5f6309e8085ce4b66ccd3686",
      "resolution": {
        "resolution": "http-cache-semantics@npm:4.2.0",
        "version": "4.2.0"
      }
    },
    "http-proxy-agent@npm:^7.0.0": {
      "checksum": "fc224cadcd91bfeeea30817758ad814b0969b92fd7ec87fe4ef47590f9519f29cdfd55033a9a01338c80f9eb2dc52315da73a5e3686c783627658e11fec2191b",
      "resolution": {
        "resolution": "http-proxy-agent@npm:7.0.2",
        "version": "7.0.2",
        "dependencies": {
          "agent-base": "^7.1.0",
          "debug": "^4.3.4"
        }
      }
    },
    "https-proxy-agent@npm:^7.0.1": {
      "checksum": "0f91e08916e40e32ba1affcc67281a0d31a4912e8e6e08228be5c0f973bdf0ee46dff1bc7076f8ff8d2f3ba40ed04cddfcbac0ce1c24bdcf67c339bac3c27c36",
      "resolution": {
        "resolution": "https-proxy-agent@npm:7.0.6",
        "version": "7.0.6",
        "dependencies": {
          "agent-base": "^7.1.2",
          "debug": "4"
        }
      }
    },
    "iconv-lite@npm:^0.6.2": {
      "checksum": "e347ae3a6f945da726f7539881b66eee9ac0c968cd41e2ab0b806614dbd2748c44e5573c51656d18332b9de3d15cf7a683f787aaf6ba488ae6fc373d496faa53",
      "resolution": {
        "resolution": "iconv-lite@npm:0.6.3",
        "version": "0.6.3",
        "dependencies": {
          "safer-buffer": ">= 2.1.2 < 3.0.0"
        }
      }
    },
    "imurmurhash@npm:^0.1.4": {
      "checksum": "574a28fb1d58d9eceafc4e41f741018eb085ade4ca511d58016cb56d1366ce30250cbbd4f5b6e4dc5e394926131272ffb3ce340a2d8dc21f73f2c5454cb1c86c",
      "resolution": {
        "resolution": "imurmurhash@npm:0.1.4",
        "version": "0.1.4"
      }
    },
    "ip-address@npm:^10.0.1": {
      "checksum": "db13f9cb3caa3ccf9b1d646e03255a708054690af84d06901f19415645529647faf5fc17ae3c8a2d5da71f407b399f7bbfec9af576e2864688b603dab1f8a3bf",
      "resolution": {
        "resolution": "ip-address@npm:10.1.0",
        "version": "10.1.0"
      }
    },
    "is-fullwidth-code-point@npm:^3.0.0": {
      "checksum": "859210ade1bfcac9c0dcda521b74b91e07177b8cab5fae8cfbc0c1c9b36deb31276062adab6dbaa3c1c0b61445898ef84c444667d14b9b6185656da02667d273",
      "resolution": {
        "resolution": "is-fullwidth-code-point@npm:3.0.0",
        "version": "3.0.0"
      }
    },
    "isexe@npm:^3.1.1": {
      "checksum": "add11b4034e8773d2b21256f013a279c87a38343aa81d5ada0befb217063ef3e4475708889d76abd433a2e29fa987dfeef211ecf1c5cfd6be92544afa1f7ae95",
      "resolution": {
        "resolution": "isexe@npm:3.1.1",
        "version": "3.1.1"
      }
    },
    "lru-cache@npm:^11.0.0, lru-cache@npm:^11.1.0, lru-cache@npm:^11.2.1": {
      "checksum": "2b9f026bcf5d490877ec03633b2ee1916f9faaafc3127b2a67bc47815b9489c2daf280d2061187fa842aaf1e12b17a2faae253fb4bef275a19f85ffa0f41f4af",
      "resolution": {
        "resolution": "lru-cache@npm:11.2.4",
        "version": "11.2.4"
      }
    },
    "make-fetch-happen@npm:^15.0.0": {
      "checksum": "a775381e96e83161fc0b020ba95f149066861f3f74a857f42012ed17d4752b63094f9c6e4000f1717b8c4930dd4365693a84c5d9ed54f85a9480250286e1cf98",
      "resolution": {
        "resolution": "make-fetch-happen@npm:15.0.3",
        "version": "15.0.3",
        "dependencies": {
          "@npmcli/agent": "^4.0.0",
          "cacache": "^20.0.1",
          "http-cache-semantics": "^4.1.1",
          "minipass": "^7.0.2",
          "minipass-fetch": "^5.0.0",
          "minipass-flush": "^1.0.5",
          "minipass-pipeline": "^1.2.4",
          "negotiator": "^1.0.0",
          "proc-log": "^6.0.0",
          "promise-retry": "^2.0.1",
          "ssri": "^13.0.0"
        }
      }
    },
    "minimatch@npm:^10.1.1": {
      "checksum": "d2f9a3332bae5b1ea8d3a5ad7ebd06fd4bd89682c439a7300f6dbb918e6c7183d0ad15c321d71d28f5cee56c8e855b0c0aac3cdf8c631fba24abd919f1052e38",
      "resolution": {
        "resolution": "minimatch@npm:10.1.1",
        "version": "10.1.1",
        "dependencies": {
          "@isaacs/brace-expansion": "^5.0.0"
        }
      }
    },
    "minipass@npm:^3.0.0": {
      "checksum": "00820fec836f832066079a3e10b9398bc4356a628049975a001e583c6dcb03d446c60b8f0d2d10ca095f473168584e991e91a0b16f8afe12e2ebcf6b92e4f3b9",
      "resolution": {
        "resolution": "minipass@npm:3.3.6",
        "version": "3.3.6",
        "dependencies": {
          "yallist": "^4.0.0"
        }
      }
    },
    "minipass@npm:^7.0.2, minipass@npm:^7.0.3, minipass@npm:^7.0.4, minipass@npm:^7.1.2": {
      "checksum": "559ee654f684a05d1b0416f2fcee8278ab861c851b24dcb505163c778cb792dc8af08aa6d63044a493b47dbae4d4a540073be70da25ed1d482253b12116cf39b",
      "resolution": {
        "resolution": "minipass@npm:7.1.2",
        "version": "7.1.2"
      }
    },
    "minipass-collect@npm:^2.0.1": {
      "checksum": "f34452b7627c422c7cfa21fbf161bb45c8509af5b161164c30e33e3d0da0e5bdb1cbd3112b6a42c206cb552d21d0c4d75cebd44466a0ae574eaa19df751e6729",
      "resolution": {
        "resolution": "minipass-collect@npm:2.0.1",
        "version": "2.0.1",
        "dependencies": {
          "minipass": "^7.0.3"
        }
      }
    },
    "minipass-fetch@npm:^5.0.0": {
      "checksum": "068a8f3644fe684c9156e4c47448103bd0118ad7465106162541d20e04671005ef09b271bc2bdc7ef55c00f9d7ce3e163a2c1b48ce737c64b08f5e9473c6846f",
      "resolution": {
        "resolution": "minipass-fetch@npm:5.0.0",
        "version": "5.0.0",
        "dependencies": {
          "encoding": "^0.1.13",
          "minipass": "^7.0.3",
          "minipass-sized": "^1.0.3",
          "minizlib": "^3.0.1"
        },
        "optionalDependencies": [
          "encoding"
        ]
      }
    },
    "minipass-flush@npm:^1.0.5": {
      "checksum": "3b7f7a592b4f1b0fec3d440232fbad59bc106ca2ef71cc975eeb2989c57fb04196013b503c92c1f36892bcc0f75d5eac25e0e28af8eb1e7be0c90ca1e9f716f9",
      "resolution": {
        "resolution": "minipass-flush@npm:1.0.5",
        "version": "1.0.5",
        "dependencies": {
          "minipass": "^3.0.0"
        }
      }
    },
    "minipass-pipeline@npm:^1.2.4": {
      "checksum": "ece65239b946f459bfb7f8fe3033863fcaf98fc983263c6ce26498c6d8ea0d46ff5c4d3fbd86b119efb24af4b48d60171a0373d4b9809b7facaa1e48499df313",
      "resolution": {
        "resolution": "minipass-pipeline@npm:1.2.4",
        "version": "1.2.4",
        "dependencies": {
          "minipass": "^3.0.0"
        }
      }
    },
    "minipass-sized@npm:^1.0.3": {
      "checksum": "6f47b7c7f626007561e3dd21f1aaa69b2d322a993485201aa9c6c90f06018ad9e2239da13d99c81a72ae15ca908fd3dfce12a0b66a6a4133bd77660a383cb861",
      "resolution": {
        "resolution": "minipass-sized@npm:1.0.3",
        "version": "1.0.3",
        "dependencies": {
          "minipass": "^3.0.0"
        }
      }
    },
    "minizlib@npm:^3.0.1, minizlib@npm:^3.1.0": {
      "checksum": "fa97411dcb7361dcfd61cf78577137dbc2c6aa7e8d6862db7c2614bcbdc549a3d66b7334643083a0c9953e4539a2eeed3692b4fd1a652d6cec855d8c211a0607",
      "resolution": {
        "resolution": "minizlib@npm:3.1.0",
        "version": "3.1.0",
        "dependencies": {
          "minipass": "^7.1.2"
        }
      }
    },
    "ms@npm:^2.1.3": {
      "checksum": "6bbb3b34df198b189cdd89fd4374e887ce8884ffe478d2bc7f0f5c9041fe8112521c67a0c5984d6a04810755d46a9bf89a514ac9776c5828cba207bcd8802892",
      "resolution": {
        "resolution": "ms@npm:2.1.3",
        "version": "2.1.3"
      }
    },
    "negotiator@npm:^1.0.0": {
      "checksum": "4d74f19b8a51d02a04fa6d65618d9390ae12a82eb79f638959eb328625bb0ca3a8e254713f70a1ed2ff511330fb9f888573bfee2912d077ef2e3a9cd6d2dc1ea",
      "resolution": {
        "resolution": "negotiator@npm:1.0.0",
        "version": "1.0.0"
      }
    },
    "node-addon-api@npm:^3.2.1": {
      "checksum": "b0d9f5b02576e89c5b0edb4a21c374cef1d22c554d2ecf16cd4971710c483658d9b3c328153e1a6a9780095a38e3cb392ae4bf4b51fa5f90a85753e80ff57cbd",
      "resolution": {
        "resolution": "node-addon-api@npm:3.2.1",
        "version": "3.2.1",
        "dependencies": {
          "node-gyp": "*"
        }
      }
    },
    "node-gyp@npm:*": {
      "checksum": "579015e0352891409dce3ad3fc2c37373665d3b0c4c4fb864681790ff3c7d0d7c0bcec65b5db206bcb31c8d79c20f7c9cc966fc0d940379c376decd6e35fbf14",
      "resolution": {
        "resolution": "node-gyp@npm:12.1.0",
        "version": "12.1.0",
        "dependencies": {
          "env-paths": "^2.2.0",
          "exponential-backoff": "^3.1.1",
          "graceful-fs": "^4.2.6",
          "make-fetch-happen": "^15.0.0",
          "nopt": "^9.0.0",
          "proc-log": "^6.0.0",
          "semver": "^7.3.5",
          "tar": "^7.5.2",
          "tinyglobby": "^0.2.12",
          "which": "^6.0.0"
        }
      }
    },
    "node-hid@npm:^3.2.0": {
      "checksum": "39f9dc73167bf83635880798c285adac2773e5419bb97502d7756b87ee1ce6dafa857fbfeb4ffd74f6bc1e8cd5fa5095dffb771ac81a8b94e62a0f55160e8905",
      "resolution": {
        "resolution": "node-hid@npm:3.2.0",
        "version": "3.2.0",
        "dependencies": {
          "node-addon-api": "^3.2.1",
          "node-gyp": "*",
          "pkg-prebuilds": "^1.0.0"
        }
      }
    },
    "nopt@npm:^9.0.0": {
      "checksum": "497ba6eec832eae637f48d1b26644c3cf23a34468e00846d15bc751aff7bc247f4c602cf4c300a3eb656b5ea392d0cd858fc7376b2ad9579207e205ac63e7381",
      "resolution": {
        "resolution": "nopt@npm:9.0.0",
        "version": "9.0.0",
        "dependencies": {
          "abbrev": "^4.0.0"
        }
      }
    },
    "p-map@npm:^7.0.2": {
      "checksum": "6077ea4d6cb7148fa5842ea19d32abd1b31beed4086ca78abe83a04e779e644bddecb1d4006d4a678ab3d4b52e97800ebf206a8cf8cc7d7774ef06ba4b8cbb84",
      "resolution": {
        "resolution": "p-map@npm:7.0.4",
        "version": "7.0.4"
      }
    },
    "path-scurry@npm:^2.0.0": {
      "checksum": "c45fc8786af51942938a037c6008bccdd586ea01f6ca8c68462c6c71d2f59857a73b7b28caef7180ff5146992e4eca0aa4447d9fe89ad7250861e57eaac5c957",
      "resolution": {
        "resolution": "path-scurry@npm:2.0.1",
        "version": "2.0.1",
        "dependencies": {
          "lru-cache": "^11.0.0",
          "minipass": "^7.1.2"
        }
      }
    },
    "picomatch@npm:^4.0.3": {
      "checksum": "b153b83e964ac203d0721568a6d2bb3c6e250b3e0482570e90899ee3c8c6ea9a8131af64bb7bea847a67cbba87280127804b9a615e6ee411d75e04e9008725d2",
      "resolution": {
        "resolution": "picomatch@npm:4.0.3",
        "version": "4.0.3"
      }
    },
    "pkg-prebuilds@npm:^1.0.0": {
      "checksum": "2b299fe98ebdb0de760a1950cbf0ffa8ffd88500d5575ed6cf0663176c003632a17eab25882b8f17ef91e6b41ba1591b3da544842c12cc24f8eb7025f30ca900",
      "resolution": {
        "resolution": "pkg-prebuilds@npm:1.0.0",
        "version": "1.0.0",
        "dependencies": {
          "yargs": "^17.7.2"
        }
      }
    },
    "proc-log@npm:^6.0.0": {
      "checksum": "9d06a38c2e47eac49b64f86b8fb4b942e2e81656597ded658e5213d0bc0960be4bea9d856b6f414e26f7ad25fd01ceac98380a57d355c44bb4f04345161df3d1",
      "resolution": {
        "resolution": "proc-log@npm:6.1.0",
        "version": "6.1.0"
      }
    },
    "promise-retry@npm:^2.0.1": {
      "checksum": "a9a5f37b1f468ad65542c53ebf828b77d882fab9d9a2e58f50354c2e97b0da49b128ff2efd838e737b40d90e970ecb9cf86d0f0425763444b284a265c70c156c",
      "resolution": {
        "resolution": "promise-retry@npm:2.0.1",
        "version": "2.0.1",
        "dependencies": {
          "err-code": "^2.0.2",
          "retry": "^0.12.0"
        }
      }
    },
    "require-directory@npm:^2.1.1": {
      "checksum": "a0667814bccb6a21a251e2e0637fdabf2dc72ca6f3cd545c4ccd56541eb50593a9f79c7d85ffea98bbf9e948c518636f10a65c12fac670f5e6907488271175b5",
      "resolution": {
        "resolution": "require-directory@npm:2.1.1",
        "version": "2.1.1"
      }
    },
    "retry@npm:^0.12.0": {
      "checksum": "d58d7ea69a7ca880ba90b867d768c3f75817403e38f46a0653dd7f377897565177431dfeab9052eac509c4008889f37b01facf8ee3a087080e4f3acf77d619c4",
      "resolution": {
        "resolution": "retry@npm:0.12.0",
        "version": "0.12.0"
      }
    },
    "safer-buffer@npm:>= 2.1.2 < 3.0.0": {
      "checksum": "58de357e9e57672d158dd46851abe1f83c9020f0d0a48e1277478e3ac7269cbc1fafaabbc5d166f12f799f9b1c7be437b0fc54d4e0b7fd0053b026f975449755",
      "resolution": {
        "resolution": "safer-buffer@npm:2.1.2",
        "version": "2.1.2"
      }
    },
    "semver@npm:^7.3.5": {
      "checksum": "60ac3052e9fa9a4c9fb7901604d4a3b287b85f53c0d5af98a4d19b86358b252aaf526a6274fd614921fa7faddac9d67cfa7da266adf7aa515f6e84acffae1dfa",
      "resolution": {
        "resolution": "semver@npm:7.7.3",
        "version": "7.7.3"
      }
    },
    "smart-buffer@npm:^4.2.0": {
      "checksum": "a2b4059327131abd348539493d590c215c2dbaa80024f052b6529e18b17b8530ba466045193cd558096e642647e9bca886220349efb0079a90ee971d5221c161",
      "resolution": {
        "resolution": "smart-buffer@npm:4.2.0",
        "version": "4.2.0"
      }
    },
    "socks@npm:^2.8.3": {
      "checksum": "232768950fb1451c3aebe707f897924f689a41a56d8421bccc0a8a83c0c2ca0fa474872ef74659f7695071a3b06ff7a7d85922aaa6a7644901b116b38f3f6693",
      "resolution": {
        "resolution": "socks@npm:2.8.7",
        "version": "2.8.7",
        "dependencies": {
          "ip-address": "^10.0.1",
          "smart-buffer": "^4.2.0"
        }
      }
    },
    "socks-proxy-agent@npm:^8.0.3": {
      "checksum": "68f6bfa7a12f32611ae32376882402aef37ff3f1ca10e75f9a044e741bc737a99381ec60893406c72a9bb851ed45a665ba37f4b0815d2f7314d7dc86e6415574",
      "resolution": {
        "resolution": "socks-proxy-agent@npm:8.0.5",
        "version": "8.0.5",
        "dependencies": {
          "agent-base": "^7.1.2",
          "debug": "^4.3.4",
          "socks": "^2.8.3"
        }
      }
    },
    "ssri@npm:^13.0.0": {
      "checksum": "3e806b691525d371a1a8c2b9c06fda64c3e3ef99d15931838d8b8488ed7c19385d7cc01dc37e2631b72596c19d8c99a2d95d1044fca8f482d81d63c5a5b0646d",
      "resolution": {
        "resolution": "ssri@npm:13.0.0",
        "version": "13.0.0",
        "dependencies": {
          "minipass": "^7.0.3"
        }
      }
    },
    "string-width@npm:^4.1.0, string-width@npm:^4.2.0, string-width@npm:^4.2.3": {
      "checksum": "a54e9a8aa57526b7aa5b474afedfc57f72456458edf2c2d13631e5290795fe55e583a38eecf5b18a4ece3054628fb7092daa3ba98ceb8704f5c9d8c509184c7b",
      "resolution": {
        "resolution": "string-width@npm:4.2.3",
        "version": "4.2.3",
        "dependencies": {
          "emoji-regex": "^8.0.0",
          "is-fullwidth-code-point": "^3.0.0",
          "strip-ansi": "^6.0.1"
        }
      }
    },
    "strip-ansi@npm:^6.0.0, strip-ansi@npm:^6.0.1": {
      "checksum": "efea7c13a0f30374af39d5826c66fb9e26d958ef4c09dc641141abd0da25732dfad4b34db85461d0c462c62523f8ce0a13c0f314ccdd2378686b191dfd783c13",
      "resolution": {
        "resolution": "strip-ansi@npm:6.0.1",
        "version": "6.0.1",
        "dependencies": {
          "ansi-regex": "^5.0.1"
        }
      }
    },
    "tar@npm:^7.5.2": {
      "checksum": "380afb1a23873c6fa27d67b5cc70f5538b92fc67d5b057efe6cb2bef6fdd3b73f2f41bf17710625093b0d69713e55499e7edddefc1ba6e59c0b3a6670d6e4ad3",
      "resolution": {
        "resolution": "tar@npm:7.5.2",
        "version": "7.5.2",
        "dependencies": {
          "@isaacs/fs-minipass": "^4.0.0",
          "chownr": "^3.0.0",
          "minipass": "^7.1.2",
          "minizlib": "^3.1.0",
          "yallist": "^5.0.0"
        }
      }
    },
    "tinyglobby@npm:^0.2.12": {
      "checksum": "54fc33eeda935e7888f475e92737a26026b353d699fbc5e52dd3d981644e90b6a9ba6cf56d14abfc9612817aa3f669abf33a8ff72858b7fca19b9b6edb462f32",
      "resolution": {
        "resolution": "tinyglobby@npm:0.2.15",
        "version": "0.2.15",
        "dependencies": {
          "fdir": "^6.5.0",
          "picomatch": "^4.0.3"
        }
      }
    },
    "undici-types@npm:~7.16.0": {
      "checksum": "0ff0d59944296c35b40b1ef401f5ecae3846e53523f5965425e50e7ef8e7ec30e4b63826fd3f32e2dc272605c33bd30866f4de2aee6cca6ff2bcd74f6758106b",
      "resolution": {
        "resolution": "undici-types@npm:7.16.0",
        "version": "7.16.0"
      }
    },
    "unique-filename@npm:^5.0.0": {
      "checksum": "f2ff33d30135d24b169ad557ab2c5fe22c5be36235cffdc5e5e3247cb0063ed470c0396d3da0dc68adac76baebdd9c5ebdfa231a6fbabe297945dfe22c57d918",
      "resolution": {
        "resolution": "unique-filename@npm:5.0.0",
        "version": "5.0.0",
        "dependencies": {
          "unique-slug": "^6.0.0"
        }
      }
    },
    "unique-slug@npm:^6.0.0": {
      "checksum": "0d23367ba7dd25f3a9eff3b33d89892aefe0fc507074b52af789418b98111fae0c48f0eeebdd1ec1d34f98a2733b5270a8679f6624e1755256f0c64b45ea21d8",
      "resolution": {
        "resolution": "unique-slug@npm:6.0.0",
        "version": "6.0.0",
        "dependencies": {
          "imurmurhash": "^0.1.4"
        }
      }
    },
    "which@npm:^6.0.0": {
      "checksum": "fcdf3a1550f1abef90181a02f52f22a1b9f4fd1c5114797bd25d9d2c82082c055f517b93930d7a91306d2bfe4a4c718a940d0a305afb09b4d7403cf4cefc0b4a",
      "resolution": {
        "resolution": "which@npm:6.0.0",
        "version": "6.0.0",
        "dependencies": {
          "isexe": "^3.1.1"
        }
      }
    },
    "wrap-ansi@npm:^7.0.0": {
      "checksum": "8918d52b7c8e9759bf579bbb8a3a0b77bf3a027cf72736183e8725215108d7843b14109435bf26795d40801ce52ffdbd720bba47a36e333c56624fcb32538d57",
      "resolution": {
        "resolution": "wrap-ansi@npm:7.0.0",
        "version": "7.0.0",
        "dependencies": {
          "ansi-styles": "^4.0.0",
          "string-width": "^4.1.0",
          "strip-ansi": "^6.0.0"
        }
      }
    },
    "y18n@npm:^5.0.5": {
      "checksum": "acdfd4bd7eb6d33a091b57c13ac446338c90dc777fc2248e2013f9ee5f07a12c26eaba094f66cdb711f880f858ed96749bd42c6c3e08fbc254fe653397431dc2",
      "resolution": {
        "resolution": "y18n@npm:5.0.8",
        "version": "5.0.8"
      }
    },
    "yallist@npm:^4.0.0": {
      "checksum": "3755f6d775ff0e1a0b2afbc82bd585b57cfbafcf7398153f2d619812819e997b6c095cf2c753c393e2b64a061afdfaa1c8d1e89a5526be082aa61fed24c392aa",
      "resolution": {
        "resolution": "yallist@npm:4.0.0",
        "version": "4.0.0"
      }
    },
    "yallist@npm:^5.0.0": {
      "checksum": "6e142cee3f3b5e68f8fcddf04ed45792a32f3a1d32742097b4fe1101094c9340eb19befed4a5efb22581d9f488c726ef21b8b200f3d332f81509e638049476e2",
      "resolution": {
        "resolution": "yallist@npm:5.0.0",
        "version": "5.0.0"
      }
    },
    "yargs@npm:^17.7.2": {
      "checksum": "ed5dd4b51d5573c02242d68ea123a049c77e06e819e89f0a2d5ae9d504b39467e2471c611141b34a2d6825cca0a39ba9796a2e1f934e49427a34c3a3bc4bd14b",
      "resolution": {
        "resolution": "yargs@npm:17.7.2",
        "version": "17.7.2",
        "dependencies": {
          "cliui": "^8.0.1",
          "escalade": "^3.1.1",
          "get-caller-file": "^2.0.5",
          "require-directory": "^2.1.1",
          "string-width": "^4.2.3",
          "y18n": "^5.0.5",
          "yargs-parser": "^21.1.1"
        }
      }
    },
    "yargs-parser@npm:^21.1.1": {
      "checksum": "7430029c40f2f1f174fbf33394d46ba37a9d5deb3da3795761c687c4eb35628cdb0e781113d7ad9804ca037a7b5140e9e3088cd3df69ce693547f3e7c78436fc",
      "resolution": {
        "resolution": "yargs-parser@npm:21.1.1",
        "version": "21.1.1"
      }
    }
  }
}